{
    "name": "node-mem-usage-bench",
    "version": "0.0.0",
    "lockfileVersion": 3,
    "requires": true,
    "packages": {
        "": {
            "name": "node-mem-usage-bench",
            "version": "0.0.0",
            "dependencies": {
                "@breeztech/breez-sdk-liquid": "file:../../"
            }
        },
        "../..": {
            "version": "0.11.6",
            "license": "MIT"
        },
        "node_modules/@breeztech/breez-sdk-liquid": {
            "resolved": "../..",
            "link": true
        }
    }
}
